
Microsoft Visual Studio Solution File, Format Version 12.00
# Visual Studio 15
VisualStudioVersion = 15.0.26124.0
MinimumVisualStudioVersion = 15.0.26124.0
Project("{2150E333-8FDC-42A3-9474-1A3956D46DE8}") = "src", "src", "{64D0CAC3-19B4-453D-8B04-E9804169B487}"
EndProject
Project("{FAE04EC0-301F-11D3-BF4B-00C04F79EFBC}") = "Peyk.Matrix.Client", "src\Peyk.Matrix.Client\Peyk.Matrix.Client.csproj", "{9748B010-4FCC-4C1C-B4DC-8143E2DBABFE}"
EndProject
Project("{2150E333-8FDC-42A3-9474-1A3956D46DE8}") = "test", "test", "{62798F1B-3723-4676-B4D9-113BF22A93F5}"
EndProject
Project("{FAE04EC0-301F-11D3-BF4B-00C04F79EFBC}") = "UnitTests", "test\UnitTests\UnitTests.csproj", "{BDA7B441-9D2D-4771-B1ED-BA545A58EE95}"
EndProject
Project("{FAE04EC0-301F-11D3-BF4B-00C04F79EFBC}") = "Framework", "test\Framework\Framework.csproj", "{B934E965-DE56-4FB4-B9FF-E5E556E24D5F}"
EndProject
Project("{FAE04EC0-301F-11D3-BF4B-00C04F79EFBC}") = "IntegrationTests", "test\IntegrationTests\IntegrationTests.csproj", "{55466A7C-5E2C-469C-907F-FD901431DA16}"
EndProject
Global
	GlobalSection(SolutionConfigurationPlatforms) = preSolution
		Debug|Any CPU = Debug|Any CPU
		Debug|x64 = Debug|x64
		Debug|x86 = Debug|x86
		Release|Any CPU = Release|Any CPU
		Release|x64 = Release|x64
		Release|x86 = Release|x86
	EndGlobalSection
	GlobalSection(SolutionProperties) = preSolution
		HideSolutionNode = FALSE
	EndGlobalSection
	GlobalSection(NestedProjects) = preSolution
		{9748B010-4FCC-4C1C-B4DC-8143E2DBABFE} = {64D0CAC3-19B4-453D-8B04-E9804169B487}
		{BDA7B441-9D2D-4771-B1ED-BA545A58EE95} = {62798F1B-3723-4676-B4D9-113BF22A93F5}
		{B934E965-DE56-4FB4-B9FF-E5E556E24D5F} = {62798F1B-3723-4676-B4D9-113BF22A93F5}
		{55466A7C-5E2C-469C-907F-FD901431DA16} = {62798F1B-3723-4676-B4D9-113BF22A93F5}
	EndGlobalSection
	GlobalSection(ProjectConfigurationPlatforms) = postSolution
		{9748B010-4FCC-4C1C-B4DC-8143E2DBABFE}.Debug|Any CPU.ActiveCfg = Debug|Any CPU
		{9748B010-4FCC-4C1C-B4DC-8143E2DBABFE}.Debug|Any CPU.Build.0 = Debug|Any CPU
		{9748B010-4FCC-4C1C-B4DC-8143E2DBABFE}.Debug|x64.ActiveCfg = Debug|Any CPU
		{9748B010-4FCC-4C1C-B4DC-8143E2DBABFE}.Debug|x64.Build.0 = Debug|Any CPU
		{9748B010-4FCC-4C1C-B4DC-8143E2DBABFE}.Debug|x86.ActiveCfg = Debug|Any CPU
		{9748B010-4FCC-4C1C-B4DC-8143E2DBABFE}.Debug|x86.Build.0 = Debug|Any CPU
		{9748B010-4FCC-4C1C-B4DC-8143E2DBABFE}.Release|Any CPU.ActiveCfg = Release|Any CPU
		{9748B010-4FCC-4C1C-B4DC-8143E2DBABFE}.Release|Any CPU.Build.0 = Release|Any CPU
		{9748B010-4FCC-4C1C-B4DC-8143E2DBABFE}.Release|x64.ActiveCfg = Release|Any CPU
		{9748B010-4FCC-4C1C-B4DC-8143E2DBABFE}.Release|x64.Build.0 = Release|Any CPU
		{9748B010-4FCC-4C1C-B4DC-8143E2DBABFE}.Release|x86.ActiveCfg = Release|Any CPU
		{9748B010-4FCC-4C1C-B4DC-8143E2DBABFE}.Release|x86.Build.0 = Release|Any CPU
		{BDA7B441-9D2D-4771-B1ED-BA545A58EE95}.Debug|Any CPU.ActiveCfg = Debug|Any CPU
		{BDA7B441-9D2D-4771-B1ED-BA545A58EE95}.Debug|Any CPU.Build.0 = Debug|Any CPU
		{BDA7B441-9D2D-4771-B1ED-BA545A58EE95}.Debug|x64.ActiveCfg = Debug|Any CPU
		{BDA7B441-9D2D-4771-B1ED-BA545A58EE95}.Debug|x64.Build.0 = Debug|Any CPU
		{BDA7B441-9D2D-4771-B1ED-BA545A58EE95}.Debug|x86.ActiveCfg = Debug|Any CPU
		{BDA7B441-9D2D-4771-B1ED-BA545A58EE95}.Debug|x86.Build.0 = Debug|Any CPU
		{BDA7B441-9D2D-4771-B1ED-BA545A58EE95}.Release|Any CPU.ActiveCfg = Release|Any CPU
		{BDA7B441-9D2D-4771-B1ED-BA545A58EE95}.Release|Any CPU.Build.0 = Release|Any CPU
		{BDA7B441-9D2D-4771-B1ED-BA545A58EE95}.Release|x64.ActiveCfg = Release|Any CPU
		{BDA7B441-9D2D-4771-B1ED-BA545A58EE95}.Release|x64.Build.0 = Release|Any CPU
		{BDA7B441-9D2D-4771-B1ED-BA545A58EE95}.Release|x86.ActiveCfg = Release|Any CPU
		{BDA7B441-9D2D-4771-B1ED-BA545A58EE95}.Release|x86.Build.0 = Release|Any CPU
		{B934E965-DE56-4FB4-B9FF-E5E556E24D5F}.Debug|Any CPU.ActiveCfg = Debug|Any CPU
		{B934E965-DE56-4FB4-B9FF-E5E556E24D5F}.Debug|Any CPU.Build.0 = Debug|Any CPU
		{B934E965-DE56-4FB4-B9FF-E5E556E24D5F}.Debug|x64.ActiveCfg = Debug|Any CPU
		{B934E965-DE56-4FB4-B9FF-E5E556E24D5F}.Debug|x64.Build.0 = Debug|Any CPU
		{B934E965-DE56-4FB4-B9FF-E5E556E24D5F}.Debug|x86.ActiveCfg = Debug|Any CPU
		{B934E965-DE56-4FB4-B9FF-E5E556E24D5F}.Debug|x86.Build.0 = Debug|Any CPU
		{B934E965-DE56-4FB4-B9FF-E5E556E24D5F}.Release|Any CPU.ActiveCfg = Release|Any CPU
		{B934E965-DE56-4FB4-B9FF-E5E556E24D5F}.Release|Any CPU.Build.0 = Release|Any CPU
		{B934E965-DE56-4FB4-B9FF-E5E556E24D5F}.Release|x64.ActiveCfg = Release|Any CPU
		{B934E965-DE56-4FB4-B9FF-E5E556E24D5F}.Release|x64.Build.0 = Release|Any CPU
		{B934E965-DE56-4FB4-B9FF-E5E556E24D5F}.Release|x86.ActiveCfg = Release|Any CPU
		{B934E965-DE56-4FB4-B9FF-E5E556E24D5F}.Release|x86.Build.0 = Release|Any CPU
		{55466A7C-5E2C-469C-907F-FD901431DA16}.Debug|Any CPU.ActiveCfg = Debug|Any CPU
		{55466A7C-5E2C-469C-907F-FD901431DA16}.Debug|Any CPU.Build.0 = Debug|Any CPU
		{55466A7C-5E2C-469C-907F-FD901431DA16}.Debug|x64.ActiveCfg = Debug|Any CPU
		{55466A7C-5E2C-469C-907F-FD901431DA16}.Debug|x64.Build.0 = Debug|Any CPU
		{55466A7C-5E2C-469C-907F-FD901431DA16}.Debug|x86.ActiveCfg = Debug|Any CPU
		{55466A7C-5E2C-469C-907F-FD901431DA16}.Debug|x86.Build.0 = Debug|Any CPU
		{55466A7C-5E2C-469C-907F-FD901431DA16}.Release|Any CPU.ActiveCfg = Release|Any CPU
		{55466A7C-5E2C-469C-907F-FD901431DA16}.Release|Any CPU.Build.0 = Release|Any CPU
		{55466A7C-5E2C-469C-907F-FD901431DA16}.Release|x64.ActiveCfg = Release|Any CPU
		{55466A7C-5E2C-469C-907F-FD901431DA16}.Release|x64.Build.0 = Release|Any CPU
		{55466A7C-5E2C-469C-907F-FD901431DA16}.Release|x86.ActiveCfg = Release|Any CPU
		{55466A7C-5E2C-469C-907F-FD901431DA16}.Release|x86.Build.0 = Release|Any CPU
	EndGlobalSection
EndGlobal
